// !$*UTF8*$!
{
	archiveVersion = 1;
	classes = {
	};
	objectVersion = 55;
	objects = {

/* Begin PBXBuildFile section */
		DA47491927A7FBD9000772DA /* Subway.swift in Sources */ = {isa = PBXBuildFile; fileRef = DA47491827A7FBD9000772DA /* Subway.swift */; };
		DA47491C27A7FF4F000772DA /* SubwayInformation.swift in Sources */ = {isa = PBXBuildFile; fileRef = DA47491B27A7FF4F000772DA /* SubwayInformation.swift */; };
		DA47491F27A807BE000772DA /* subwayJson.json in Resources */ = {isa = PBXBuildFile; fileRef = DA47491E27A807BE000772DA /* subwayJson.json */; };
		DA47492127A910AF000772DA /* UIViewUtils.swift in Sources */ = {isa = PBXBuildFile; fileRef = DA47492027A910AE000772DA /* UIViewUtils.swift */; };
		DA47492427A912FE000772DA /* BottomSheet.swift in Sources */ = {isa = PBXBuildFile; fileRef = DA47492327A912FE000772DA /* BottomSheet.swift */; };
		DA58309627AAC25800AC6689 /* RefreshLocationButtonView.swift in Sources */ = {isa = PBXBuildFile; fileRef = DA58309527AAC25800AC6689 /* RefreshLocationButtonView.swift */; };
		DAEA681727A72CEB0012F7EC /* AppDelegate.swift in Sources */ = {isa = PBXBuildFile; fileRef = DAEA681627A72CEB0012F7EC /* AppDelegate.swift */; };
		DAEA681927A72CEB0012F7EC /* SceneDelegate.swift in Sources */ = {isa = PBXBuildFile; fileRef = DAEA681827A72CEB0012F7EC /* SceneDelegate.swift */; };
		DAEA681B27A72CEB0012F7EC /* MainViewController.swift in Sources */ = {isa = PBXBuildFile; fileRef = DAEA681A27A72CEB0012F7EC /* MainViewController.swift */; };
		DAEA681E27A72CEB0012F7EC /* Main.storyboard in Resources */ = {isa = PBXBuildFile; fileRef = DAEA681C27A72CEB0012F7EC /* Main.storyboard */; };
		DAEA682027A72CEC0012F7EC /* Assets.xcassets in Resources */ = {isa = PBXBuildFile; fileRef = DAEA681F27A72CEC0012F7EC /* Assets.xcassets */; };
		DAEA682327A72CEC0012F7EC /* LaunchScreen.storyboard in Resources */ = {isa = PBXBuildFile; fileRef = DAEA682127A72CEC0012F7EC /* LaunchScreen.storyboard */; };
		DAEA682D27A72DF50012F7EC /* Constants.swift in Sources */ = {isa = PBXBuildFile; fileRef = DAEA682C27A72DF50012F7EC /* Constants.swift */; };
		EB589BED163CDF5A1D3933F3 /* libPods-WhereIAm.a in Frameworks */ = {isa = PBXBuildFile; fileRef = D8CB38B027DE2DE1BB6C9075 /* libPods-WhereIAm.a */; };
/* End PBXBuildFile section */

/* Begin PBXFileReference section */
		0EC124FD4212738D25A1B963 /* Pods-WhereIAm.release.xcconfig */ = {isa = PBXFileReference; includeInIndex = 1; lastKnownFileType = text.xcconfig; name = "Pods-WhereIAm.release.xcconfig"; path = "Target Support Files/Pods-WhereIAm/Pods-WhereIAm.release.xcconfig"; sourceTree = "<group>"; };
		95F65AEB5B43C4D2219FD465 /* Pods-WhereIAm.debug.xcconfig */ = {isa = PBXFileReference; includeInIndex = 1; lastKnownFileType = text.xcconfig; name = "Pods-WhereIAm.debug.xcconfig"; path = "Target Support Files/Pods-WhereIAm/Pods-WhereIAm.debug.xcconfig"; sourceTree = "<group>"; };
		D8CB38B027DE2DE1BB6C9075 /* libPods-WhereIAm.a */ = {isa = PBXFileReference; explicitFileType = archive.ar; includeInIndex = 0; path = "libPods-WhereIAm.a"; sourceTree = BUILT_PRODUCTS_DIR; };
		DA47491827A7FBD9000772DA /* Subway.swift */ = {isa = PBXFileReference; lastKnownFileType = sourcecode.swift; path = Subway.swift; sourceTree = "<group>"; };
		DA47491B27A7FF4F000772DA /* SubwayInformation.swift */ = {isa = PBXFileReference; lastKnownFileType = sourcecode.swift; path = SubwayInformation.swift; sourceTree = "<group>"; };
		DA47491E27A807BE000772DA /* subwayJson.json */ = {isa = PBXFileReference; fileEncoding = 4; lastKnownFileType = text.json; path = subwayJson.json; sourceTree = SOURCE_ROOT; };
		DA47492027A910AE000772DA /* UIViewUtils.swift */ = {isa = PBXFileReference; lastKnownFileType = sourcecode.swift; path = UIViewUtils.swift; sourceTree = "<group>"; };
		DA47492327A912FE000772DA /* BottomSheet.swift */ = {isa = PBXFileReference; lastKnownFileType = sourcecode.swift; path = BottomSheet.swift; sourceTree = "<group>"; };
		DA58309527AAC25800AC6689 /* RefreshLocationButtonView.swift */ = {isa = PBXFileReference; lastKnownFileType = sourcecode.swift; path = RefreshLocationButtonView.swift; sourceTree = "<group>"; };
		DAEA681327A72CEB0012F7EC /* WhereIAm.app */ = {isa = PBXFileReference; explicitFileType = wrapper.application; includeInIndex = 0; path = WhereIAm.app; sourceTree = BUILT_PRODUCTS_DIR; };
		DAEA681627A72CEB0012F7EC /* AppDelegate.swift */ = {isa = PBXFileReference; lastKnownFileType = sourcecode.swift; path = AppDelegate.swift; sourceTree = "<group>"; };
		DAEA681827A72CEB0012F7EC /* SceneDelegate.swift */ = {isa = PBXFileReference; lastKnownFileType = sourcecode.swift; path = SceneDelegate.swift; sourceTree = "<group>"; };
		DAEA681A27A72CEB0012F7EC /* MainViewController.swift */ = {isa = PBXFileReference; lastKnownFileType = sourcecode.swift; path = MainViewController.swift; sourceTree = "<group>"; };
		DAEA681D27A72CEB0012F7EC /* Base */ = {isa = PBXFileReference; lastKnownFileType = file.storyboard; name = Base; path = Base.lproj/Main.storyboard; sourceTree = "<group>"; };
		DAEA681F27A72CEC0012F7EC /* Assets.xcassets */ = {isa = PBXFileReference; lastKnownFileType = folder.assetcatalog; path = Assets.xcassets; sourceTree = "<group>"; };
		DAEA682227A72CEC0012F7EC /* Base */ = {isa = PBXFileReference; lastKnownFileType = file.storyboard; name = Base; path = Base.lproj/LaunchScreen.storyboard; sourceTree = "<group>"; };
		DAEA682427A72CEC0012F7EC /* Info.plist */ = {isa = PBXFileReference; lastKnownFileType = text.plist.xml; path = Info.plist; sourceTree = "<group>"; };
		DAEA682C27A72DF50012F7EC /* Constants.swift */ = {isa = PBXFileReference; lastKnownFileType = sourcecode.swift; path = Constants.swift; sourceTree = "<group>"; };
/* End PBXFileReference section */

/* Begin PBXFrameworksBuildPhase section */
		DAEA681027A72CEB0012F7EC /* Frameworks */ = {
			isa = PBXFrameworksBuildPhase;
			buildActionMask = 2147483647;
			files = (
				EB589BED163CDF5A1D3933F3 /* libPods-WhereIAm.a in Frameworks */,
			);
			runOnlyForDeploymentPostprocessing = 0;
		};
/* End PBXFrameworksBuildPhase section */

/* Begin PBXGroup section */
		39BD3963A67366AD167982A0 /* Frameworks */ = {
			isa = PBXGroup;
			children = (
				D8CB38B027DE2DE1BB6C9075 /* libPods-WhereIAm.a */,
			);
			name = Frameworks;
			sourceTree = "<group>";
		};
		B2BF2D0470E0B683C15A566C /* Pods */ = {
			isa = PBXGroup;
			children = (
				95F65AEB5B43C4D2219FD465 /* Pods-WhereIAm.debug.xcconfig */,
				0EC124FD4212738D25A1B963 /* Pods-WhereIAm.release.xcconfig */,
			);
			path = Pods;
			sourceTree = "<group>";
		};
		DA47491A27A7FF2F000772DA /* Service */ = {
			isa = PBXGroup;
			children = (
				DA47491B27A7FF4F000772DA /* SubwayInformation.swift */,
			);
			path = Service;
			sourceTree = "<group>";
		};
		DA47491D27A7FF78000772DA /* Controller */ = {
			isa = PBXGroup;
			children = (
				DAEA681A27A72CEB0012F7EC /* MainViewController.swift */,
			);
			path = Controller;
			sourceTree = "<group>";
		};
		DA47492227A912F3000772DA /* View */ = {
			isa = PBXGroup;
			children = (
				DA47492327A912FE000772DA /* BottomSheet.swift */,
				DA58309527AAC25800AC6689 /* RefreshLocationButtonView.swift */,
			);
			path = View;
			sourceTree = "<group>";
		};
		DAEA680A27A72CEB0012F7EC = {
			isa = PBXGroup;
			children = (
				DAEA681527A72CEB0012F7EC /* WhereIAm */,
				DAEA681427A72CEB0012F7EC /* Products */,
				B2BF2D0470E0B683C15A566C /* Pods */,
				39BD3963A67366AD167982A0 /* Frameworks */,
			);
			sourceTree = "<group>";
		};
		DAEA681427A72CEB0012F7EC /* Products */ = {
			isa = PBXGroup;
			children = (
				DAEA681327A72CEB0012F7EC /* WhereIAm.app */,
			);
			name = Products;
			sourceTree = "<group>";
		};
		DAEA681527A72CEB0012F7EC /* WhereIAm */ = {
			isa = PBXGroup;
			children = (
				DA47492227A912F3000772DA /* View */,
				DA47491D27A7FF78000772DA /* Controller */,
				DA47491A27A7FF2F000772DA /* Service */,
				DAEA682B27A72DE90012F7EC /* Common */,
				DAEA682A27A72D870012F7EC /* Model */,
				DAEA681627A72CEB0012F7EC /* AppDelegate.swift */,
				DAEA681827A72CEB0012F7EC /* SceneDelegate.swift */,
				DAEA681C27A72CEB0012F7EC /* Main.storyboard */,
				DAEA681F27A72CEC0012F7EC /* Assets.xcassets */,
				DAEA682127A72CEC0012F7EC /* LaunchScreen.storyboard */,
				DA47491E27A807BE000772DA /* subwayJson.json */,
				DAEA682427A72CEC0012F7EC /* Info.plist */,
			);
			path = WhereIAm;
			sourceTree = "<group>";
		};
		DAEA682A27A72D870012F7EC /* Model */ = {
			isa = PBXGroup;
			children = (
				DA47491827A7FBD9000772DA /* Subway.swift */,
			);
			path = Model;
			sourceTree = "<group>";
		};
		DAEA682B27A72DE90012F7EC /* Common */ = {
			isa = PBXGroup;
			children = (
				DAEA682C27A72DF50012F7EC /* Constants.swift */,
				DA47492027A910AE000772DA /* UIViewUtils.swift */,
			);
			path = Common;
			sourceTree = "<group>";
		};
/* End PBXGroup section */

/* Begin PBXNativeTarget section */
		DAEA681227A72CEB0012F7EC /* WhereIAm */ = {
			isa = PBXNativeTarget;
			buildConfigurationList = DAEA682727A72CEC0012F7EC /* Build configuration list for PBXNativeTarget "WhereIAm" */;
			buildPhases = (
				B5046825050BE80212FC24E0 /* [CP] Check Pods Manifest.lock */,
				DAEA680F27A72CEB0012F7EC /* Sources */,
				DAEA681027A72CEB0012F7EC /* Frameworks */,
				DAEA681127A72CEB0012F7EC /* Resources */,
				39F7FDCF7480B0CB2F67897F /* [CP] Embed Pods Frameworks */,
			);
			buildRules = (
			);
			dependencies = (
			);
			name = WhereIAm;
			productName = WhereIAm;
			productReference = DAEA681327A72CEB0012F7EC /* WhereIAm.app */;
			productType = "com.apple.product-type.application";
		};
/* End PBXNativeTarget section */

/* Begin PBXProject section */
		DAEA680B27A72CEB0012F7EC /* Project object */ = {
			isa = PBXProject;
			attributes = {
				BuildIndependentTargetsInParallel = 1;
				LastSwiftUpdateCheck = 1320;
				LastUpgradeCheck = 1320;
				TargetAttributes = {
					DAEA681227A72CEB0012F7EC = {
						CreatedOnToolsVersion = 13.2.1;
					};
				};
			};
			buildConfigurationList = DAEA680E27A72CEB0012F7EC /* Build configuration list for PBXProject "WhereIAm" */;
			compatibilityVersion = "Xcode 13.0";
			developmentRegion = en;
			hasScannedForEncodings = 0;
			knownRegions = (
				en,
				Base,
			);
			mainGroup = DAEA680A27A72CEB0012F7EC;
			productRefGroup = DAEA681427A72CEB0012F7EC /* Products */;
			projectDirPath = "";
			projectRoot = "";
			targets = (
				DAEA681227A72CEB0012F7EC /* WhereIAm */,
			);
		};
/* End PBXProject section */

/* Begin PBXResourcesBuildPhase section */
		DAEA681127A72CEB0012F7EC /* Resources */ = {
			isa = PBXResourcesBuildPhase;
			buildActionMask = 2147483647;
			files = (
				DAEA682327A72CEC0012F7EC /* LaunchScreen.storyboard in Resources */,
				DAEA682027A72CEC0012F7EC /* Assets.xcassets in Resources */,
				DAEA681E27A72CEB0012F7EC /* Main.storyboard in Resources */,
				DA47491F27A807BE000772DA /* subwayJson.json in Resources */,
			);
			runOnlyForDeploymentPostprocessing = 0;
		};
/* End PBXResourcesBuildPhase section */

/* Begin PBXShellScriptBuildPhase section */
		39F7FDCF7480B0CB2F67897F /* [CP] Embed Pods Frameworks */ = {
			isa = PBXShellScriptBuildPhase;
			buildActionMask = 2147483647;
			files = (
			);
			inputFileListPaths = (
				"${PODS_ROOT}/Target Support Files/Pods-WhereIAm/Pods-WhereIAm-frameworks-${CONFIGURATION}-input-files.xcfilelist",
			);
			name = "[CP] Embed Pods Frameworks";
			outputFileListPaths = (
				"${PODS_ROOT}/Target Support Files/Pods-WhereIAm/Pods-WhereIAm-frameworks-${CONFIGURATION}-output-files.xcfilelist",
			);
			runOnlyForDeploymentPostprocessing = 0;
			shellPath = /bin/sh;
			shellScript = "\"${PODS_ROOT}/Target Support Files/Pods-WhereIAm/Pods-WhereIAm-frameworks.sh\"\n";
			showEnvVarsInLog = 0;
		};
		B5046825050BE80212FC24E0 /* [CP] Check Pods Manifest.lock */ = {
			isa = PBXShellScriptBuildPhase;
			buildActionMask = 2147483647;
			files = (
			);
			inputFileListPaths = (
			);
			inputPaths = (
				"${PODS_PODFILE_DIR_PATH}/Podfile.lock",
				"${PODS_ROOT}/Manifest.lock",
			);
			name = "[CP] Check Pods Manifest.lock";
			outputFileListPaths = (
			);
			outputPaths = (
				"$(DERIVED_FILE_DIR)/Pods-WhereIAm-checkManifestLockResult.txt",
			);
			runOnlyForDeploymentPostprocessing = 0;
			shellPath = /bin/sh;
			shellScript = "diff \"${PODS_PODFILE_DIR_PATH}/Podfile.lock\" \"${PODS_ROOT}/Manifest.lock\" > /dev/null\nif [ $? != 0 ] ; then\n    # print error to STDERR\n    echo \"error: The sandbox is not in sync with the Podfile.lock. Run 'pod install' or update your CocoaPods installation.\" >&2\n    exit 1\nfi\n# This output is used by Xcode 'outputs' to avoid re-running this script phase.\necho \"SUCCESS\" > \"${SCRIPT_OUTPUT_FILE_0}\"\n";
			showEnvVarsInLog = 0;
		};
/* End PBXShellScriptBuildPhase section */

/* Begin PBXSourcesBuildPhase section */
		DAEA680F27A72CEB0012F7EC /* Sources */ = {
			isa = PBXSourcesBuildPhase;
			buildActionMask = 2147483647;
			files = (
				DAEA681B27A72CEB0012F7EC /* MainViewController.swift in Sources */,
				DAEA681727A72CEB0012F7EC /* AppDelegate.swift in Sources */,
				DA47492427A912FE000772DA /* BottomSheet.swift in Sources */,
				DA47491C27A7FF4F000772DA /* SubwayInformation.swift in Sources */,
				DA47492127A910AF000772DA /* UIViewUtils.swift in Sources */,
				DAEA681927A72CEB0012F7EC /* SceneDelegate.swift in Sources */,
				DA47491927A7FBD9000772DA /* Subway.swift in Sources */,
				DA58309627AAC25800AC6689 /* RefreshLocationButtonView.swift in Sources */,
				DAEA682D27A72DF50012F7EC /* Constants.swift in Sources */,
			);
			runOnlyForDeploymentPostprocessing = 0;
		};
/* End PBXSourcesBuildPhase section */

/* Begin PBXVariantGroup section */
		DAEA681C27A72CEB0012F7EC /* Main.storyboard */ = {
			isa = PBXVariantGroup;
			children = (
				DAEA681D27A72CEB0012F7EC /* Base */,
			);
			name = Main.storyboard;
			sourceTree = "<group>";
		};
		DAEA682127A72CEC0012F7EC /* LaunchScreen.storyboard */ = {
			isa = PBXVariantGroup;
			children = (
				DAEA682227A72CEC0012F7EC /* Base */,
			);
			name = LaunchScreen.storyboard;
			sourceTree = "<group>";
		};
/* End PBXVariantGroup section */

/* Begin XCBuildConfiguration section */
		DAEA682527A72CEC0012F7EC /* Debug */ = {
			isa = XCBuildConfiguration;
			buildSettings = {
				ALWAYS_SEARCH_USER_PATHS = NO;
				CLANG_ANALYZER_NONNULL = YES;
				CLANG_ANALYZER_NUMBER_OBJECT_CONVERSION = YES_AGGRESSIVE;
				CLANG_CXX_LANGUAGE_STANDARD = "gnu++17";
				CLANG_CXX_LIBRARY = "libc++";
				CLANG_ENABLE_MODULES = YES;
				CLANG_ENABLE_OBJC_ARC = YES;
				CLANG_ENABLE_OBJC_WEAK = YES;
				CLANG_WARN_BLOCK_CAPTURE_AUTORELEASING = YES;
				CLANG_WARN_BOOL_CONVERSION = YES;
				CLANG_WARN_COMMA = YES;
				CLANG_WARN_CONSTANT_CONVERSION = YES;
				CLANG_WARN_DEPRECATED_OBJC_IMPLEMENTATIONS = YES;
				CLANG_WARN_DIRECT_OBJC_ISA_USAGE = YES_ERROR;
				CLANG_WARN_DOCUMENTATION_COMMENTS = YES;
				CLANG_WARN_EMPTY_BODY = YES;
				CLANG_WARN_ENUM_CONVERSION = YES;
				CLANG_WARN_INFINITE_RECURSION = YES;
				CLANG_WARN_INT_CONVERSION = YES;
				CLANG_WARN_NON_LITERAL_NULL_CONVERSION = YES;
				CLANG_WARN_OBJC_IMPLICIT_RETAIN_SELF = YES;
				CLANG_WARN_OBJC_LITERAL_CONVERSION = YES;
				CLANG_WARN_OBJC_ROOT_CLASS = YES_ERROR;
				CLANG_WARN_QUOTED_INCLUDE_IN_FRAMEWORK_HEADER = YES;
				CLANG_WARN_RANGE_LOOP_ANALYSIS = YES;
				CLANG_WARN_STRICT_PROTOTYPES = YES;
				CLANG_WARN_SUSPICIOUS_MOVE = YES;
				CLANG_WARN_UNGUARDED_AVAILABILITY = YES_AGGRESSIVE;
				CLANG_WARN_UNREACHABLE_CODE = YES;
				CLANG_WARN__DUPLICATE_METHOD_MATCH = YES;
				COPY_PHASE_STRIP = NO;
				DEBUG_INFORMATION_FORMAT = dwarf;
				ENABLE_STRICT_OBJC_MSGSEND = YES;
				ENABLE_TESTABILITY = YES;
				GCC_C_LANGUAGE_STANDARD = gnu11;
				GCC_DYNAMIC_NO_PIC = NO;
				GCC_NO_COMMON_BLOCKS = YES;
				GCC_OPTIMIZATION_LEVEL = 0;
				GCC_PREPROCESSOR_DEFINITIONS = (
					"DEBUG=1",
					"$(inherited)",
				);
				GCC_WARN_64_TO_32_BIT_CONVERSION = YES;
				GCC_WARN_ABOUT_RETURN_TYPE = YES_ERROR;
				GCC_WARN_UNDECLARED_SELECTOR = YES;
				GCC_WARN_UNINITIALIZED_AUTOS = YES_AGGRESSIVE;
				GCC_WARN_UNUSED_FUNCTION = YES;
				GCC_WARN_UNUSED_VARIABLE = YES;
				IPHONEOS_DEPLOYMENT_TARGET = 15.0;
				MTL_ENABLE_DEBUG_INFO = INCLUDE_SOURCE;
				MTL_FAST_MATH = YES;
				ONLY_ACTIVE_ARCH = YES;
				SDKROOT = iphoneos;
				SWIFT_ACTIVE_COMPILATION_CONDITIONS = DEBUG;
				SWIFT_OPTIMIZATION_LEVEL = "-Onone";
			};
			name = Debug;
		};
		DAEA682627A72CEC0012F7EC /* Release */ = {
			isa = XCBuildConfiguration;
			buildSettings = {
				ALWAYS_SEARCH_USER_PATHS = NO;
				CLANG_ANALYZER_NONNULL = YES;
				CLANG_ANALYZER_NUMBER_OBJECT_CONVERSION = YES_AGGRESSIVE;
				CLANG_CXX_LANGUAGE_STANDARD = "gnu++17";
				CLANG_CXX_LIBRARY = "libc++";
				CLANG_ENABLE_MODULES = YES;
				CLANG_ENABLE_OBJC_ARC = YES;
				CLANG_ENABLE_OBJC_WEAK = YES;
				CLANG_WARN_BLOCK_CAPTURE_AUTORELEASING = YES;
				CLANG_WARN_BOOL_CONVERSION = YES;
				CLANG_WARN_COMMA = YES;
				CLANG_WARN_CONSTANT_CONVERSION = YES;
				CLANG_WARN_DEPRECATED_OBJC_IMPLEMENTATIONS = YES;
				CLANG_WARN_DIRECT_OBJC_ISA_USAGE = YES_ERROR;
				CLANG_WARN_DOCUMENTATION_COMMENTS = YES;
				CLANG_WARN_EMPTY_BODY = YES;
				CLANG_WARN_ENUM_CONVERSION = YES;
				CLANG_WARN_INFINITE_RECURSION = YES;
				CLANG_WARN_INT_CONVERSION = YES;
				CLANG_WARN_NON_LITERAL_NULL_CONVERSION = YES;
				CLANG_WARN_OBJC_IMPLICIT_RETAIN_SELF = YES;
				CLANG_WARN_OBJC_LITERAL_CONVERSION = YES;
				CLANG_WARN_OBJC_ROOT_CLASS = YES_ERROR;
				CLANG_WARN_QUOTED_INCLUDE_IN_FRAMEWORK_HEADER = YES;
				CLANG_WARN_RANGE_LOOP_ANALYSIS = YES;
				CLANG_WARN_STRICT_PROTOTYPES = YES;
				CLANG_WARN_SUSPICIOUS_MOVE = YES;
				CLANG_WARN_UNGUARDED_AVAILABILITY = YES_AGGRESSIVE;
				CLANG_WARN_UNREACHABLE_CODE = YES;
				CLANG_WARN__DUPLICATE_METHOD_MATCH = YES;
				COPY_PHASE_STRIP = NO;
				DEBUG_INFORMATION_FORMAT = "dwarf-with-dsym";
				ENABLE_NS_ASSERTIONS = NO;
				ENABLE_STRICT_OBJC_MSGSEND = YES;
				GCC_C_LANGUAGE_STANDARD = gnu11;
				GCC_NO_COMMON_BLOCKS = YES;
				GCC_WARN_64_TO_32_BIT_CONVERSION = YES;
				GCC_WARN_ABOUT_RETURN_TYPE = YES_ERROR;
				GCC_WARN_UNDECLARED_SELECTOR = YES;
				GCC_WARN_UNINITIALIZED_AUTOS = YES_AGGRESSIVE;
				GCC_WARN_UNUSED_FUNCTION = YES;
				GCC_WARN_UNUSED_VARIABLE = YES;
				IPHONEOS_DEPLOYMENT_TARGET = 15.0;
				MTL_ENABLE_DEBUG_INFO = NO;
				MTL_FAST_MATH = YES;
				SDKROOT = iphoneos;
				SWIFT_COMPILATION_MODE = wholemodule;
				SWIFT_OPTIMIZATION_LEVEL = "-O";
				VALIDATE_PRODUCT = YES;
			};
			name = Release;
		};
		DAEA682827A72CEC0012F7EC /* Debug */ = {
			isa = XCBuildConfiguration;
			baseConfigurationReference = 95F65AEB5B43C4D2219FD465 /* Pods-WhereIAm.debug.xcconfig */;
			buildSettings = {
				ASSETCATALOG_COMPILER_APPICON_NAME = AppIcon;
				ASSETCATALOG_COMPILER_GLOBAL_ACCENT_COLOR_NAME = AccentColor;
				CODE_SIGN_STYLE = Automatic;
				CURRENT_PROJECT_VERSION = 1;
				DEVELOPMENT_TEAM = B2PC94CHBY;
				GENERATE_INFOPLIST_FILE = YES;
				INFOPLIST_FILE = WhereIAm/Info.plist;
				INFOPLIST_KEY_UIApplicationSupportsIndirectInputEvents = YES;
				INFOPLIST_KEY_UILaunchStoryboardName = LaunchScreen;
				INFOPLIST_KEY_UIMainStoryboardFile = Main;
				INFOPLIST_KEY_UISupportedInterfaceOrientations = UIInterfaceOrientationPortrait;
				INFOPLIST_KEY_UISupportedInterfaceOrientations_iPad = "UIInterfaceOrientationPortrait UIInterfaceOrientationPortraitUpsideDown UIInterfaceOrientationLandscapeLeft UIInterfaceOrientationLandscapeRight";
				INFOPLIST_KEY_UISupportedInterfaceOrientations_iPhone = "UIInterfaceOrientationPortrait UIInterfaceOrientationLandscapeLeft UIInterfaceOrientationLandscapeRight";
				IPHONEOS_DEPLOYMENT_TARGET = 15.0;
				LD_RUNPATH_SEARCH_PATHS = (
					"$(inherited)",
					"@executable_path/Frameworks",
				);
				MARKETING_VERSION = 1.0;
				PRODUCT_BUNDLE_IDENTIFIER = com.psndev.WhereIAm;
				PRODUCT_NAME = "$(TARGET_NAME)";
				SWIFT_EMIT_LOC_STRINGS = YES;
				SWIFT_VERSION = 5.0;
				TARGETED_DEVICE_FAMILY = 1;
			};
			name = Debug;
		};
		DAEA682927A72CEC0012F7EC /* Release */ = {
			isa = XCBuildConfiguration;
			baseConfigurationReference = 0EC124FD4212738D25A1B963 /* Pods-WhereIAm.release.xcconfig */;
			buildSettings = {
				ASSETCATALOG_COMPILER_APPICON_NAME = AppIcon;
				ASSETCATALOG_COMPILER_GLOBAL_ACCENT_COLOR_NAME = AccentColor;
				CODE_SIGN_STYLE = Automatic;
				CURRENT_PROJECT_VERSION = 1;
				DEVELOPMENT_TEAM = B2PC94CHBY;
				GENERATE_INFOPLIST_FILE = YES;
				INFOPLIST_FILE = WhereIAm/Info.plist;
				INFOPLIST_KEY_UIApplicationSupportsIndirectInputEvents = YES;
				INFOPLIST_KEY_UILaunchStoryboardName = LaunchScreen;
				INFOPLIST_KEY_UIMainStoryboardFile = Main;
				INFOPLIST_KEY_UISupportedInterfaceOrientations = UIInterfaceOrientationPortrait;
				INFOPLIST_KEY_UISupportedInterfaceOrientations_iPad = "UIInterfaceOrientationPortrait UIInterfaceOrientationPortraitUpsideDown UIInterfaceOrientationLandscapeLeft UIInterfaceOrientationLandscapeRight";
				INFOPLIST_KEY_UISupportedInterfaceOrientations_iPhone = "UIInterfaceOrientationPortrait UIInterfaceOrientationLandscapeLeft UIInterfaceOrientationLandscapeRight";
				IPHONEOS_DEPLOYMENT_TARGET = 15.0;
				LD_RUNPATH_SEARCH_PATHS = (
					"$(inherited)",
					"@executable_path/Frameworks",
				);
				MARKETING_VERSION = 1.0;
				PRODUCT_BUNDLE_IDENTIFIER = com.psndev.WhereIAm;
				PRODUCT_NAME = "$(TARGET_NAME)";
				SWIFT_EMIT_LOC_STRINGS = YES;
				SWIFT_VERSION = 5.0;
				TARGETED_DEVICE_FAMILY = 1;
			};
			name = Release;
		};
/* End XCBuildConfiguration section */

/* Begin XCConfigurationList section */
		DAEA680E27A72CEB0012F7EC /* Build configuration list for PBXProject "WhereIAm" */ = {
			isa = XCConfigurationList;
			buildConfigurations = (
				DAEA682527A72CEC0012F7EC /* Debug */,
				DAEA682627A72CEC0012F7EC /* Release */,
			);
			defaultConfigurationIsVisible = 0;
			defaultConfigurationName = Release;
		};
		DAEA682727A72CEC0012F7EC /* Build configuration list for PBXNativeTarget "WhereIAm" */ = {
			isa = XCConfigurationList;
			buildConfigurations = (
				DAEA682827A72CEC0012F7EC /* Debug */,
				DAEA682927A72CEC0012F7EC /* Release */,
			);
			defaultConfigurationIsVisible = 0;
			defaultConfigurationName = Release;
		};
/* End XCConfigurationList section */
	};
	rootObject = DAEA680B27A72CEB0012F7EC /* Project object */;
}
